{
  "lockfile_version": "1",
  "packages": {
    "bun@latest": {
      "last_modified": "2025-01-13T08:04:02Z",
      "resolved": "github:NixOS/nixpkgs/ef56e777fedaa4da8c66a150081523c5de1e0171#bun",
      "source": "devbox-search",
      "version": "1.1.43",
      "systems": {
        "aarch64-darwin": {
          "outputs": [
            {
              "name": "out",
              "path": "/nix/store/wg9x0cb4rl5jrvmkak6ihljdxl811h62-bun-1.1.43",
              "default": true
            }
          ],
          "store_path": "/nix/store/wg9x0cb4rl5jrvmkak6ihljdxl811h62-bun-1.1.43"
        },
        "aarch64-linux": {
          "outputs": [
            {
              "name": "out",
              "path": "/nix/store/6yszhl10ah05n17lf35kpnyzrqlsg3hl-bun-1.1.43",
              "default": true
            }
          ],
          "store_path": "/nix/store/6yszhl10ah05n17lf35kpnyzrqlsg3hl-bun-1.1.43"
        },
        "x86_64-darwin": {
          "outputs": [
            {
              "name": "out",
              "path": "/nix/store/4rjyabjj3fj3qd01sv6aii0qcnxb6jyx-bun-1.1.43",
              "default": true
            }
          ],
          "store_path": "/nix/store/4rjyabjj3fj3qd01sv6aii0qcnxb6jyx-bun-1.1.43"
        },
        "x86_64-linux": {
          "outputs": [
            {
              "name": "out",
              "path": "/nix/store/k8yj5s89swbhlh1i8lp25ha2hw9171yr-bun-1.1.43",
              "default": true
            }
          ],
          "store_path": "/nix/store/k8yj5s89swbhlh1i8lp25ha2hw9171yr-bun-1.1.43"
        }
      }
    }
  }
}
